
Microsoft Visual Studio Solution File, Format Version 11.00
# Visual Studio 2010
Project("{FAE04EC0-301F-11D3-BF4B-00C04F79EFBC}") = "FizzBuzz", "FizzBuzz\FizzBuzz.csproj", "{797E63B5-E80B-4C3E-BFB8-71F5F80960F7}"
EndProject
Project("{FAE04EC0-301F-11D3-BF4B-00C04F79EFBC}") = "FizzBuzz.Tests", "FizzBuzz.Tests\FizzBuzz.Tests.csproj", "{E355F6B9-DEC2-46EC-A951-5A2A484B4EE4}"
EndProject
Project("{2150E333-8FDC-42A3-9474-1A3956D46DE8}") = ".nuget", ".nuget", "{11E944EF-B71C-48D3-A2A0-CAB56F525677}"
	ProjectSection(SolutionItems) = preProject
		.nuget\packages.config = .nuget\packages.config
	EndProjectSection
EndProject
Project("{2150E333-8FDC-42A3-9474-1A3956D46DE8}") = "Kata1", "Kata1", "{507C0AD7-7DF7-43CC-B989-8AC03D0E276B}"
EndProject
Project("{2150E333-8FDC-42A3-9474-1A3956D46DE8}") = "Kata2", "Kata2", "{67A19DEF-3239-40E5-A782-487C9D335250}"
EndProject
Project("{FAE04EC0-301F-11D3-BF4B-00C04F79EFBC}") = "RomanConverted", "RomanConverted\RomanConverted.csproj", "{31E39E94-A1BE-4ED1-B22C-DEEC0C7465EC}"
EndProject
Project("{FAE04EC0-301F-11D3-BF4B-00C04F79EFBC}") = "RomanConverted.Test", "RomanConverted.Test\RomanConverted.Test.csproj", "{A68E0C57-C2C1-4C90-A8C4-2B2A98623214}"
EndProject
Project("{2150E333-8FDC-42A3-9474-1A3956D46DE8}") = "Kata3", "Kata3", "{4E5233D5-0EF0-42CA-8311-F427E35CE92D}"
EndProject
Project("{FAE04EC0-301F-11D3-BF4B-00C04F79EFBC}") = "CodeBreaker", "CodeBreaker\CodeBreaker.csproj", "{1519D52D-F8E3-4606-980E-97659F234FD8}"
EndProject
Project("{FAE04EC0-301F-11D3-BF4B-00C04F79EFBC}") = "CodeBreaker.Tests", "CodeBreaker.Tests\CodeBreaker.Tests.csproj", "{90746BDF-5415-4EC9-BBDA-117C6196B01A}"
EndProject
Global
	GlobalSection(SolutionConfigurationPlatforms) = preSolution
		Debug|Any CPU = Debug|Any CPU
		Release|Any CPU = Release|Any CPU
	EndGlobalSection
	GlobalSection(ProjectConfigurationPlatforms) = postSolution
		{797E63B5-E80B-4C3E-BFB8-71F5F80960F7}.Debug|Any CPU.ActiveCfg = Debug|Any CPU
		{797E63B5-E80B-4C3E-BFB8-71F5F80960F7}.Debug|Any CPU.Build.0 = Debug|Any CPU
		{797E63B5-E80B-4C3E-BFB8-71F5F80960F7}.Release|Any CPU.ActiveCfg = Release|Any CPU
		{797E63B5-E80B-4C3E-BFB8-71F5F80960F7}.Release|Any CPU.Build.0 = Release|Any CPU
		{E355F6B9-DEC2-46EC-A951-5A2A484B4EE4}.Debug|Any CPU.ActiveCfg = Debug|Any CPU
		{E355F6B9-DEC2-46EC-A951-5A2A484B4EE4}.Debug|Any CPU.Build.0 = Debug|Any CPU
		{E355F6B9-DEC2-46EC-A951-5A2A484B4EE4}.Release|Any CPU.ActiveCfg = Release|Any CPU
		{E355F6B9-DEC2-46EC-A951-5A2A484B4EE4}.Release|Any CPU.Build.0 = Release|Any CPU
		{31E39E94-A1BE-4ED1-B22C-DEEC0C7465EC}.Debug|Any CPU.ActiveCfg = Debug|Any CPU
		{31E39E94-A1BE-4ED1-B22C-DEEC0C7465EC}.Debug|Any CPU.Build.0 = Debug|Any CPU
		{31E39E94-A1BE-4ED1-B22C-DEEC0C7465EC}.Release|Any CPU.ActiveCfg = Release|Any CPU
		{31E39E94-A1BE-4ED1-B22C-DEEC0C7465EC}.Release|Any CPU.Build.0 = Release|Any CPU
		{A68E0C57-C2C1-4C90-A8C4-2B2A98623214}.Debug|Any CPU.ActiveCfg = Debug|Any CPU
		{A68E0C57-C2C1-4C90-A8C4-2B2A98623214}.Debug|Any CPU.Build.0 = Debug|Any CPU
		{A68E0C57-C2C1-4C90-A8C4-2B2A98623214}.Release|Any CPU.ActiveCfg = Release|Any CPU
		{A68E0C57-C2C1-4C90-A8C4-2B2A98623214}.Release|Any CPU.Build.0 = Release|Any CPU
		{1519D52D-F8E3-4606-980E-97659F234FD8}.Debug|Any CPU.ActiveCfg = Debug|Any CPU
		{1519D52D-F8E3-4606-980E-97659F234FD8}.Debug|Any CPU.Build.0 = Debug|Any CPU
		{1519D52D-F8E3-4606-980E-97659F234FD8}.Release|Any CPU.ActiveCfg = Release|Any CPU
		{1519D52D-F8E3-4606-980E-97659F234FD8}.Release|Any CPU.Build.0 = Release|Any CPU
		{90746BDF-5415-4EC9-BBDA-117C6196B01A}.Debug|Any CPU.ActiveCfg = Debug|Any CPU
		{90746BDF-5415-4EC9-BBDA-117C6196B01A}.Debug|Any CPU.Build.0 = Debug|Any CPU
		{90746BDF-5415-4EC9-BBDA-117C6196B01A}.Release|Any CPU.ActiveCfg = Release|Any CPU
		{90746BDF-5415-4EC9-BBDA-117C6196B01A}.Release|Any CPU.Build.0 = Release|Any CPU
	EndGlobalSection
	GlobalSection(SolutionProperties) = preSolution
		HideSolutionNode = FALSE
	EndGlobalSection
	GlobalSection(NestedProjects) = preSolution
		{797E63B5-E80B-4C3E-BFB8-71F5F80960F7} = {507C0AD7-7DF7-43CC-B989-8AC03D0E276B}
		{E355F6B9-DEC2-46EC-A951-5A2A484B4EE4} = {507C0AD7-7DF7-43CC-B989-8AC03D0E276B}
		{31E39E94-A1BE-4ED1-B22C-DEEC0C7465EC} = {67A19DEF-3239-40E5-A782-487C9D335250}
		{A68E0C57-C2C1-4C90-A8C4-2B2A98623214} = {67A19DEF-3239-40E5-A782-487C9D335250}
		{1519D52D-F8E3-4606-980E-97659F234FD8} = {4E5233D5-0EF0-42CA-8311-F427E35CE92D}
		{90746BDF-5415-4EC9-BBDA-117C6196B01A} = {4E5233D5-0EF0-42CA-8311-F427E35CE92D}
	EndGlobalSection
EndGlobal
